
Microsoft Visual Studio Solution File, Format Version 12.00
# Visual Studio Version 16
VisualStudioVersion = 16.0.31702.278
MinimumVisualStudioVersion = 10.0.40219.1
Project("{FAE04EC0-301F-11D3-BF4B-00C04F79EFBC}") = "Lab1RoomCalculator", "Lab1RoomCalculator\Lab1RoomCalculator.csproj", "{59D000C5-752C-4618-8CEC-30EBFB0E4136}"
EndProject
Global
	GlobalSection(SolutionConfigurationPlatforms) = preSolution
		Debug|Any CPU = Debug|Any CPU
		Release|Any CPU = Release|Any CPU
	EndGlobalSection
	GlobalSection(ProjectConfigurationPlatforms) = postSolution
		{59D000C5-752C-4618-8CEC-30EBFB0E4136}.Debug|Any CPU.ActiveCfg = Debug|Any CPU
		{59D000C5-752C-4618-8CEC-30EBFB0E4136}.Debug|Any CPU.Build.0 = Debug|Any CPU
		{59D000C5-752C-4618-8CEC-30EBFB0E4136}.Release|Any CPU.ActiveCfg = Release|Any CPU
		{59D000C5-752C-4618-8CEC-30EBFB0E4136}.Release|Any CPU.Build.0 = Release|Any CPU
	EndGlobalSection
	GlobalSection(SolutionProperties) = preSolution
		HideSolutionNode = FALSE
	EndGlobalSection
	GlobalSection(ExtensibilityGlobals) = postSolution
		SolutionGuid = {D82FAECF-A370-455C-B903-44ED4A0C9BFA}
	EndGlobalSection
EndGlobal
